
Microsoft Visual Studio Solution File, Format Version 12.00
# Visual Studio 15
VisualStudioVersion = 15.0.28307.168
MinimumVisualStudioVersion = 10.0.40219.1
Project("{FAE04EC0-301F-11D3-BF4B-00C04F79EFBC}") = "VORPMailboxServer", "VORPMailboxServer\VORPMailboxServer.csproj", "{C07CD50D-4D8F-47CA-9982-58C80BF9AF87}"
EndProject
Project("{FAE04EC0-301F-11D3-BF4B-00C04F79EFBC}") = "VORPMailboxClient", "VORPMailboxClient\VORPMailboxClient.csproj", "{7DD6B69D-3A49-495B-932E-C9E18FFAA718}"
EndProject
Global
	GlobalSection(SolutionConfigurationPlatforms) = preSolution
		Debug|Any CPU = Debug|Any CPU
		Release|Any CPU = Release|Any CPU
	EndGlobalSection
	GlobalSection(ProjectConfigurationPlatforms) = postSolution
		{C07CD50D-4D8F-47CA-9982-58C80BF9AF87}.Debug|Any CPU.ActiveCfg = Debug|Any CPU
		{C07CD50D-4D8F-47CA-9982-58C80BF9AF87}.Debug|Any CPU.Build.0 = Debug|Any CPU
		{C07CD50D-4D8F-47CA-9982-58C80BF9AF87}.Release|Any CPU.ActiveCfg = Release|Any CPU
		{C07CD50D-4D8F-47CA-9982-58C80BF9AF87}.Release|Any CPU.Build.0 = Release|Any CPU
		{7DD6B69D-3A49-495B-932E-C9E18FFAA718}.Debug|Any CPU.ActiveCfg = Debug|Any CPU
		{7DD6B69D-3A49-495B-932E-C9E18FFAA718}.Debug|Any CPU.Build.0 = Debug|Any CPU
		{7DD6B69D-3A49-495B-932E-C9E18FFAA718}.Release|Any CPU.ActiveCfg = Release|Any CPU
		{7DD6B69D-3A49-495B-932E-C9E18FFAA718}.Release|Any CPU.Build.0 = Release|Any CPU
	EndGlobalSection
	GlobalSection(SolutionProperties) = preSolution
		HideSolutionNode = FALSE
	EndGlobalSection
	GlobalSection(ExtensibilityGlobals) = postSolution
		SolutionGuid = {5F6A3270-2684-4EF0-ABC3-D879C996743A}
	EndGlobalSection
EndGlobal
